
Microsoft Visual Studio Solution File, Format Version 12.00
# Visual Studio 15
VisualStudioVersion = 15.0.28307.329
MinimumVisualStudioVersion = 10.0.40219.1
Project("{FAE04EC0-301F-11D3-BF4B-00C04F79EFBC}") = "software2", "software2\software2.csproj", "{6F45F061-9BB0-46AA-ADCE-5D630E095420}"
EndProject
Global
	GlobalSection(SolutionConfigurationPlatforms) = preSolution
		Debug|Any CPU = Debug|Any CPU
		Release|Any CPU = Release|Any CPU
	EndGlobalSection
	GlobalSection(ProjectConfigurationPlatforms) = postSolution
		{6F45F061-9BB0-46AA-ADCE-5D630E095420}.Debug|Any CPU.ActiveCfg = Debug|Any CPU
		{6F45F061-9BB0-46AA-ADCE-5D630E095420}.Debug|Any CPU.Build.0 = Debug|Any CPU
		{6F45F061-9BB0-46AA-ADCE-5D630E095420}.Release|Any CPU.ActiveCfg = Release|Any CPU
		{6F45F061-9BB0-46AA-ADCE-5D630E095420}.Release|Any CPU.Build.0 = Release|Any CPU
	EndGlobalSection
	GlobalSection(SolutionProperties) = preSolution
		HideSolutionNode = FALSE
	EndGlobalSection
	GlobalSection(ExtensibilityGlobals) = postSolution
		SolutionGuid = {164D210F-7FDB-4996-B69F-7C9096C76288}
	EndGlobalSection
EndGlobal
